
Microsoft Visual Studio Solution File, Format Version 12.00
# Visual Studio Version 16
VisualStudioVersion = 16.0.30804.86
MinimumVisualStudioVersion = 10.0.40219.1
Project("{9A19103F-16F7-4668-BE54-9A1E7A4F7556}") = "Newspaper", "Newspaper\Newspaper.csproj", "{4FF73C3E-BB47-4035-A5D5-5090297246CE}"
EndProject
Project("{9A19103F-16F7-4668-BE54-9A1E7A4F7556}") = "MonitoringMetroStations", "MonitoringMetroStations\MonitoringMetroStations.csproj", "{D306E339-7C10-442F-90BB-EE193E1E5E30}"
EndProject
Global
	GlobalSection(SolutionConfigurationPlatforms) = preSolution
		Debug|x64 = Debug|x64
		Release|x64 = Release|x64
	EndGlobalSection
	GlobalSection(ProjectConfigurationPlatforms) = postSolution
		{4FF73C3E-BB47-4035-A5D5-5090297246CE}.Debug|x64.ActiveCfg = Debug|x64
		{4FF73C3E-BB47-4035-A5D5-5090297246CE}.Debug|x64.Build.0 = Debug|x64
		{4FF73C3E-BB47-4035-A5D5-5090297246CE}.Release|x64.ActiveCfg = Release|x64
		{4FF73C3E-BB47-4035-A5D5-5090297246CE}.Release|x64.Build.0 = Release|x64
		{D306E339-7C10-442F-90BB-EE193E1E5E30}.Debug|x64.ActiveCfg = Debug|x64
		{D306E339-7C10-442F-90BB-EE193E1E5E30}.Debug|x64.Build.0 = Debug|x64
		{D306E339-7C10-442F-90BB-EE193E1E5E30}.Release|x64.ActiveCfg = Release|x64
		{D306E339-7C10-442F-90BB-EE193E1E5E30}.Release|x64.Build.0 = Release|x64
	EndGlobalSection
	GlobalSection(SolutionProperties) = preSolution
		HideSolutionNode = FALSE
	EndGlobalSection
	GlobalSection(ExtensibilityGlobals) = postSolution
		SolutionGuid = {3C03D44A-A2A8-4B8C-BD0C-D9BC02F3BFFC}
	EndGlobalSection
EndGlobal
